{
  "name": "minecraft-gametests",
  "lockfileVersion": 2,
  "requires": true,
  "packages": {
    "": {
      "dependencies": {
        "@minecraft/server": "^1.1.0-beta.1.19.60-preview.26",
        "@minecraft/server-gametest": "^1.0.0-beta.1.19.60-preview.26"
      }
    },
    "node_modules/@minecraft/server": {
      "version": "1.1.0-beta.1.19.60-preview.26",
      "resolved": "https://registry.npmjs.org/@minecraft/server/-/server-1.1.0-beta.1.19.60-preview.26.tgz",
      "integrity": "sha512-SR8xaw6tTIAsdJuXcpqYiQd8EAtH8QYQPIKlTjqBZEJcQ8HCBxD5kBAECjYBseTnUIOoJx7UOo7nY7CmvKLjoA=="
    },
    "node_modules/@minecraft/server-gametest": {
      "version": "1.0.0-beta.1.19.60-preview.26",
      "resolved": "https://registry.npmjs.org/@minecraft/server-gametest/-/server-gametest-1.0.0-beta.1.19.60-preview.26.tgz",
      "integrity": "sha512-wv1CsZXxmuQi5DrlTfF0kMm7gA27c+0MCyYSC/dIBrIDVQJa6CFlwy22B60SHtZCyoufhe8dGxHV6MUROhl5GQ==",
      "dependencies": {
        "@minecraft/server": "1.1.0-beta.1.19.60-preview.26"
      }
    }
  },
  "dependencies": {
    "@minecraft/server": {
      "version": "1.1.0-beta.1.19.60-preview.26",
      "resolved": "https://registry.npmjs.org/@minecraft/server/-/server-1.1.0-beta.1.19.60-preview.26.tgz",
      "integrity": "sha512-SR8xaw6tTIAsdJuXcpqYiQd8EAtH8QYQPIKlTjqBZEJcQ8HCBxD5kBAECjYBseTnUIOoJx7UOo7nY7CmvKLjoA=="
    },
    "@minecraft/server-gametest": {
      "version": "1.0.0-beta.1.19.60-preview.26",
      "resolved": "https://registry.npmjs.org/@minecraft/server-gametest/-/server-gametest-1.0.0-beta.1.19.60-preview.26.tgz",
      "integrity": "sha512-wv1CsZXxmuQi5DrlTfF0kMm7gA27c+0MCyYSC/dIBrIDVQJa6CFlwy22B60SHtZCyoufhe8dGxHV6MUROhl5GQ==",
      "requires": {
        "@minecraft/server": "1.1.0-beta.1.19.60-preview.26"
      }
    }
  }
}
